
Microsoft Visual Studio Solution File, Format Version 12.00
# Visual Studio Version 17
VisualStudioVersion = 17.5.002.0
MinimumVisualStudioVersion = 10.0.40219.1
Project("{2150E333-8FDC-42A3-9474-1A3956D46DE8}") = "csharp-prep", "csharp-prep", "{1FA72A8B-F084-4D9A-989E-B50CAD5A4652}"
EndProject
Project("{9A19103F-16F7-4668-BE54-9A1E7A4F7556}") = "Prep1", "csharp-prep\Prep1\Prep1.csproj", "{A399B899-AAA2-4246-A3BD-7F5ED513BA8C}"
EndProject
Project("{9A19103F-16F7-4668-BE54-9A1E7A4F7556}") = "Prep2", "csharp-prep\Prep2\Prep2.csproj", "{C7497750-5A60-4645-87C3-CB1238996CC0}"
EndProject
Project("{9A19103F-16F7-4668-BE54-9A1E7A4F7556}") = "Prep3", "csharp-prep\Prep3\Prep3.csproj", "{404730E7-6BAD-41EB-A9A2-815207A8EB31}"
EndProject
Project("{9A19103F-16F7-4668-BE54-9A1E7A4F7556}") = "Prep4", "csharp-prep\Prep4\Prep4.csproj", "{D9486CBC-EFE7-4F62-A32C-7EB62A8ECD26}"
EndProject
Project("{9A19103F-16F7-4668-BE54-9A1E7A4F7556}") = "Prep5", "csharp-prep\Prep5\Prep5.csproj", "{FFC4181D-439B-4470-8DB8-B507B2C34FA8}"
EndProject
Project("{2150E333-8FDC-42A3-9474-1A3956D46DE8}") = "final", "final", "{1B3B595D-36D7-4B73-92D2-6F50938865EC}"
EndProject
Project("{9A19103F-16F7-4668-BE54-9A1E7A4F7556}") = "FinalProject", "final\FinalProject\FinalProject.csproj", "{CBF65F6F-B3B8-4990-931D-BEB6DED5E2E0}"
EndProject
Project("{9A19103F-16F7-4668-BE54-9A1E7A4F7556}") = "Foundation1", "final\Foundation1\Foundation1.csproj", "{ABE20CA9-A5D2-4432-98FB-F62D98EB02EF}"
EndProject
Project("{9A19103F-16F7-4668-BE54-9A1E7A4F7556}") = "Foundation2", "final\Foundation2\Foundation2.csproj", "{EBE50B5F-F99B-4A77-88AC-4B31DE7A90E4}"
EndProject
Project("{9A19103F-16F7-4668-BE54-9A1E7A4F7556}") = "Foundation3", "final\Foundation3\Foundation3.csproj", "{B2324774-BA90-4B27-81E0-ED4A29FC860A}"
EndProject
Project("{9A19103F-16F7-4668-BE54-9A1E7A4F7556}") = "Foundation4", "final\Foundation4\Foundation4.csproj", "{1B336A46-0000-4572-AC76-C016270A1925}"
EndProject
Project("{2150E333-8FDC-42A3-9474-1A3956D46DE8}") = "prepare", "prepare", "{FFBBB698-A8C0-4209-B23B-B8A2FFB1FC61}"
EndProject
Project("{9A19103F-16F7-4668-BE54-9A1E7A4F7556}") = "Learning02", "prepare\Learning02\Learning02.csproj", "{F0146A03-6875-40D1-97FD-F37CC35992A6}"
EndProject
Project("{9A19103F-16F7-4668-BE54-9A1E7A4F7556}") = "Learning03", "prepare\Learning03\Learning03.csproj", "{DA6DC692-4EDB-44FB-9C1B-E847111A58D9}"
EndProject
Project("{9A19103F-16F7-4668-BE54-9A1E7A4F7556}") = "Learning04", "prepare\Learning04\Learning04.csproj", "{0B5B070F-9FBE-420F-9DEF-A53E2399A014}"
EndProject
Project("{9A19103F-16F7-4668-BE54-9A1E7A4F7556}") = "Learning05", "prepare\Learning05\Learning05.csproj", "{9E4D40BA-1E92-42A6-B9EA-5CB4BFBE34EA}"
EndProject
Project("{2150E333-8FDC-42A3-9474-1A3956D46DE8}") = "prove", "prove", "{F3369CF2-8C16-402C-84BA-DAFC2BFE2EDE}"
EndProject
Project("{9A19103F-16F7-4668-BE54-9A1E7A4F7556}") = "Develop02", "prove\Develop02\Develop02.csproj", "{D6E78D6F-A87D-4007-9288-84162F2AF9DE}"
EndProject
Project("{9A19103F-16F7-4668-BE54-9A1E7A4F7556}") = "Develop03", "prove\Develop03\Develop03.csproj", "{A2F973EA-4AD9-4E21-A038-9225EA897BAB}"
EndProject
Project("{9A19103F-16F7-4668-BE54-9A1E7A4F7556}") = "Develop04", "prove\Develop04\Develop04.csproj", "{AEE41271-B887-4CCD-B014-1B5F585C0CEB}"
EndProject
Project("{9A19103F-16F7-4668-BE54-9A1E7A4F7556}") = "Develop05", "prove\Develop05\Develop05.csproj", "{56634A70-F5FD-44A2-BF98-55819D23631C}"
EndProject
Project("{2150E333-8FDC-42A3-9474-1A3956D46DE8}") = "sandbox", "sandbox", "{32471603-9871-4130-8890-381C1B19C01F}"
EndProject
Project("{9A19103F-16F7-4668-BE54-9A1E7A4F7556}") = "Sandbox", "sandbox\Sandbox\Sandbox.csproj", "{FDD0C1F5-C638-4D6D-B33F-A84079D57471}"
EndProject
Global
	GlobalSection(SolutionConfigurationPlatforms) = preSolution
		Debug|Any CPU = Debug|Any CPU
		Release|Any CPU = Release|Any CPU
	EndGlobalSection
	GlobalSection(ProjectConfigurationPlatforms) = postSolution
		{A399B899-AAA2-4246-A3BD-7F5ED513BA8C}.Debug|Any CPU.ActiveCfg = Debug|Any CPU
		{A399B899-AAA2-4246-A3BD-7F5ED513BA8C}.Debug|Any CPU.Build.0 = Debug|Any CPU
		{A399B899-AAA2-4246-A3BD-7F5ED513BA8C}.Release|Any CPU.ActiveCfg = Release|Any CPU
		{A399B899-AAA2-4246-A3BD-7F5ED513BA8C}.Release|Any CPU.Build.0 = Release|Any CPU
		{C7497750-5A60-4645-87C3-CB1238996CC0}.Debug|Any CPU.ActiveCfg = Debug|Any CPU
		{C7497750-5A60-4645-87C3-CB1238996CC0}.Debug|Any CPU.Build.0 = Debug|Any CPU
		{C7497750-5A60-4645-87C3-CB1238996CC0}.Release|Any CPU.ActiveCfg = Release|Any CPU
		{C7497750-5A60-4645-87C3-CB1238996CC0}.Release|Any CPU.Build.0 = Release|Any CPU
		{404730E7-6BAD-41EB-A9A2-815207A8EB31}.Debug|Any CPU.ActiveCfg = Debug|Any CPU
		{404730E7-6BAD-41EB-A9A2-815207A8EB31}.Debug|Any CPU.Build.0 = Debug|Any CPU
		{404730E7-6BAD-41EB-A9A2-815207A8EB31}.Release|Any CPU.ActiveCfg = Release|Any CPU
		{404730E7-6BAD-41EB-A9A2-815207A8EB31}.Release|Any CPU.Build.0 = Release|Any CPU
		{D9486CBC-EFE7-4F62-A32C-7EB62A8ECD26}.Debug|Any CPU.ActiveCfg = Debug|Any CPU
		{D9486CBC-EFE7-4F62-A32C-7EB62A8ECD26}.Debug|Any CPU.Build.0 = Debug|Any CPU
		{D9486CBC-EFE7-4F62-A32C-7EB62A8ECD26}.Release|Any CPU.ActiveCfg = Release|Any CPU
		{D9486CBC-EFE7-4F62-A32C-7EB62A8ECD26}.Release|Any CPU.Build.0 = Release|Any CPU
		{FFC4181D-439B-4470-8DB8-B507B2C34FA8}.Debug|Any CPU.ActiveCfg = Debug|Any CPU
		{FFC4181D-439B-4470-8DB8-B507B2C34FA8}.Debug|Any CPU.Build.0 = Debug|Any CPU
		{FFC4181D-439B-4470-8DB8-B507B2C34FA8}.Release|Any CPU.ActiveCfg = Release|Any CPU
		{FFC4181D-439B-4470-8DB8-B507B2C34FA8}.Release|Any CPU.Build.0 = Release|Any CPU
		{CBF65F6F-B3B8-4990-931D-BEB6DED5E2E0}.Debug|Any CPU.ActiveCfg = Debug|Any CPU
		{CBF65F6F-B3B8-4990-931D-BEB6DED5E2E0}.Debug|Any CPU.Build.0 = Debug|Any CPU
		{CBF65F6F-B3B8-4990-931D-BEB6DED5E2E0}.Release|Any CPU.ActiveCfg = Release|Any CPU
		{CBF65F6F-B3B8-4990-931D-BEB6DED5E2E0}.Release|Any CPU.Build.0 = Release|Any CPU
		{ABE20CA9-A5D2-4432-98FB-F62D98EB02EF}.Debug|Any CPU.ActiveCfg = Debug|Any CPU
		{ABE20CA9-A5D2-4432-98FB-F62D98EB02EF}.Debug|Any CPU.Build.0 = Debug|Any CPU
		{ABE20CA9-A5D2-4432-98FB-F62D98EB02EF}.Release|Any CPU.ActiveCfg = Release|Any CPU
		{ABE20CA9-A5D2-4432-98FB-F62D98EB02EF}.Release|Any CPU.Build.0 = Release|Any CPU
		{EBE50B5F-F99B-4A77-88AC-4B31DE7A90E4}.Debug|Any CPU.ActiveCfg = Debug|Any CPU
		{EBE50B5F-F99B-4A77-88AC-4B31DE7A90E4}.Debug|Any CPU.Build.0 = Debug|Any CPU
		{EBE50B5F-F99B-4A77-88AC-4B31DE7A90E4}.Release|Any CPU.ActiveCfg = Release|Any CPU
		{EBE50B5F-F99B-4A77-88AC-4B31DE7A90E4}.Release|Any CPU.Build.0 = Release|Any CPU
		{B2324774-BA90-4B27-81E0-ED4A29FC860A}.Debug|Any CPU.ActiveCfg = Debug|Any CPU
		{B2324774-BA90-4B27-81E0-ED4A29FC860A}.Debug|Any CPU.Build.0 = Debug|Any CPU
		{B2324774-BA90-4B27-81E0-ED4A29FC860A}.Release|Any CPU.ActiveCfg = Release|Any CPU
		{B2324774-BA90-4B27-81E0-ED4A29FC860A}.Release|Any CPU.Build.0 = Release|Any CPU
		{1B336A46-0000-4572-AC76-C016270A1925}.Debug|Any CPU.ActiveCfg = Debug|Any CPU
		{1B336A46-0000-4572-AC76-C016270A1925}.Debug|Any CPU.Build.0 = Debug|Any CPU
		{1B336A46-0000-4572-AC76-C016270A1925}.Release|Any CPU.ActiveCfg = Release|Any CPU
		{1B336A46-0000-4572-AC76-C016270A1925}.Release|Any CPU.Build.0 = Release|Any CPU
		{F0146A03-6875-40D1-97FD-F37CC35992A6}.Debug|Any CPU.ActiveCfg = Debug|Any CPU
		{F0146A03-6875-40D1-97FD-F37CC35992A6}.Debug|Any CPU.Build.0 = Debug|Any CPU
		{F0146A03-6875-40D1-97FD-F37CC35992A6}.Release|Any CPU.ActiveCfg = Release|Any CPU
		{F0146A03-6875-40D1-97FD-F37CC35992A6}.Release|Any CPU.Build.0 = Release|Any CPU
		{DA6DC692-4EDB-44FB-9C1B-E847111A58D9}.Debug|Any CPU.ActiveCfg = Debug|Any CPU
		{DA6DC692-4EDB-44FB-9C1B-E847111A58D9}.Debug|Any CPU.Build.0 = Debug|Any CPU
		{DA6DC692-4EDB-44FB-9C1B-E847111A58D9}.Release|Any CPU.ActiveCfg = Release|Any CPU
		{DA6DC692-4EDB-44FB-9C1B-E847111A58D9}.Release|Any CPU.Build.0 = Release|Any CPU
		{0B5B070F-9FBE-420F-9DEF-A53E2399A014}.Debug|Any CPU.ActiveCfg = Debug|Any CPU
		{0B5B070F-9FBE-420F-9DEF-A53E2399A014}.Debug|Any CPU.Build.0 = Debug|Any CPU
		{0B5B070F-9FBE-420F-9DEF-A53E2399A014}.Release|Any CPU.ActiveCfg = Release|Any CPU
		{0B5B070F-9FBE-420F-9DEF-A53E2399A014}.Release|Any CPU.Build.0 = Release|Any CPU
		{9E4D40BA-1E92-42A6-B9EA-5CB4BFBE34EA}.Debug|Any CPU.ActiveCfg = Debug|Any CPU
		{9E4D40BA-1E92-42A6-B9EA-5CB4BFBE34EA}.Debug|Any CPU.Build.0 = Debug|Any CPU
		{9E4D40BA-1E92-42A6-B9EA-5CB4BFBE34EA}.Release|Any CPU.ActiveCfg = Release|Any CPU
		{9E4D40BA-1E92-42A6-B9EA-5CB4BFBE34EA}.Release|Any CPU.Build.0 = Release|Any CPU
		{D6E78D6F-A87D-4007-9288-84162F2AF9DE}.Debug|Any CPU.ActiveCfg = Debug|Any CPU
		{D6E78D6F-A87D-4007-9288-84162F2AF9DE}.Debug|Any CPU.Build.0 = Debug|Any CPU
		{D6E78D6F-A87D-4007-9288-84162F2AF9DE}.Release|Any CPU.ActiveCfg = Release|Any CPU
		{D6E78D6F-A87D-4007-9288-84162F2AF9DE}.Release|Any CPU.Build.0 = Release|Any CPU
		{A2F973EA-4AD9-4E21-A038-9225EA897BAB}.Debug|Any CPU.ActiveCfg = Debug|Any CPU
		{A2F973EA-4AD9-4E21-A038-9225EA897BAB}.Debug|Any CPU.Build.0 = Debug|Any CPU
		{A2F973EA-4AD9-4E21-A038-9225EA897BAB}.Release|Any CPU.ActiveCfg = Release|Any CPU
		{A2F973EA-4AD9-4E21-A038-9225EA897BAB}.Release|Any CPU.Build.0 = Release|Any CPU
		{AEE41271-B887-4CCD-B014-1B5F585C0CEB}.Debug|Any CPU.ActiveCfg = Debug|Any CPU
		{AEE41271-B887-4CCD-B014-1B5F585C0CEB}.Debug|Any CPU.Build.0 = Debug|Any CPU
		{AEE41271-B887-4CCD-B014-1B5F585C0CEB}.Release|Any CPU.ActiveCfg = Release|Any CPU
		{AEE41271-B887-4CCD-B014-1B5F585C0CEB}.Release|Any CPU.Build.0 = Release|Any CPU
		{56634A70-F5FD-44A2-BF98-55819D23631C}.Debug|Any CPU.ActiveCfg = Debug|Any CPU
		{56634A70-F5FD-44A2-BF98-55819D23631C}.Debug|Any CPU.Build.0 = Debug|Any CPU
		{56634A70-F5FD-44A2-BF98-55819D23631C}.Release|Any CPU.ActiveCfg = Release|Any CPU
		{56634A70-F5FD-44A2-BF98-55819D23631C}.Release|Any CPU.Build.0 = Release|Any CPU
		{FDD0C1F5-C638-4D6D-B33F-A84079D57471}.Debug|Any CPU.ActiveCfg = Debug|Any CPU
		{FDD0C1F5-C638-4D6D-B33F-A84079D57471}.Debug|Any CPU.Build.0 = Debug|Any CPU
		{FDD0C1F5-C638-4D6D-B33F-A84079D57471}.Release|Any CPU.ActiveCfg = Release|Any CPU
		{FDD0C1F5-C638-4D6D-B33F-A84079D57471}.Release|Any CPU.Build.0 = Release|Any CPU
	EndGlobalSection
	GlobalSection(SolutionProperties) = preSolution
		HideSolutionNode = FALSE
	EndGlobalSection
	GlobalSection(NestedProjects) = preSolution
		{A399B899-AAA2-4246-A3BD-7F5ED513BA8C} = {1FA72A8B-F084-4D9A-989E-B50CAD5A4652}
		{C7497750-5A60-4645-87C3-CB1238996CC0} = {1FA72A8B-F084-4D9A-989E-B50CAD5A4652}
		{404730E7-6BAD-41EB-A9A2-815207A8EB31} = {1FA72A8B-F084-4D9A-989E-B50CAD5A4652}
		{D9486CBC-EFE7-4F62-A32C-7EB62A8ECD26} = {1FA72A8B-F084-4D9A-989E-B50CAD5A4652}
		{FFC4181D-439B-4470-8DB8-B507B2C34FA8} = {1FA72A8B-F084-4D9A-989E-B50CAD5A4652}
		{CBF65F6F-B3B8-4990-931D-BEB6DED5E2E0} = {1B3B595D-36D7-4B73-92D2-6F50938865EC}
		{ABE20CA9-A5D2-4432-98FB-F62D98EB02EF} = {1B3B595D-36D7-4B73-92D2-6F50938865EC}
		{EBE50B5F-F99B-4A77-88AC-4B31DE7A90E4} = {1B3B595D-36D7-4B73-92D2-6F50938865EC}
		{B2324774-BA90-4B27-81E0-ED4A29FC860A} = {1B3B595D-36D7-4B73-92D2-6F50938865EC}
		{1B336A46-0000-4572-AC76-C016270A1925} = {1B3B595D-36D7-4B73-92D2-6F50938865EC}
		{F0146A03-6875-40D1-97FD-F37CC35992A6} = {FFBBB698-A8C0-4209-B23B-B8A2FFB1FC61}
		{DA6DC692-4EDB-44FB-9C1B-E847111A58D9} = {FFBBB698-A8C0-4209-B23B-B8A2FFB1FC61}
		{0B5B070F-9FBE-420F-9DEF-A53E2399A014} = {FFBBB698-A8C0-4209-B23B-B8A2FFB1FC61}
		{9E4D40BA-1E92-42A6-B9EA-5CB4BFBE34EA} = {FFBBB698-A8C0-4209-B23B-B8A2FFB1FC61}
		{D6E78D6F-A87D-4007-9288-84162F2AF9DE} = {F3369CF2-8C16-402C-84BA-DAFC2BFE2EDE}
		{A2F973EA-4AD9-4E21-A038-9225EA897BAB} = {F3369CF2-8C16-402C-84BA-DAFC2BFE2EDE}
		{AEE41271-B887-4CCD-B014-1B5F585C0CEB} = {F3369CF2-8C16-402C-84BA-DAFC2BFE2EDE}
		{56634A70-F5FD-44A2-BF98-55819D23631C} = {F3369CF2-8C16-402C-84BA-DAFC2BFE2EDE}
		{FDD0C1F5-C638-4D6D-B33F-A84079D57471} = {32471603-9871-4130-8890-381C1B19C01F}
	EndGlobalSection
	GlobalSection(ExtensibilityGlobals) = postSolution
		SolutionGuid = {D7DB576F-3651-4D0E-BB9C-6E9A7F2EF168}
	EndGlobalSection
EndGlobal
